<?xml version="1.0" encoding="utf-8"?>
<Project ToolsVersion="16.0" xmlns="http://schemas.microsoft.com/developer/msbuild/2003">
  <ItemGroup>
    <ClCompile Include="C:\Program Files (x86)\IntelSWTools\openvino_2020.1.033\deployment_tools\open_model_zoo\demos\python_demos\human_pose_estimation_3d_demo\pose_extractor\wrapper.cpp">
      <Filter>Source Files</Filter>
    </ClCompile>
    <ClCompile Include="C:\Program Files (x86)\IntelSWTools\openvino_2020.1.033\deployment_tools\open_model_zoo\demos\python_demos\human_pose_estimation_3d_demo\pose_extractor\src\extract_poses.cpp">
      <Filter>Source Files</Filter>
    </ClCompile>
    <ClCompile Include="C:\Program Files (x86)\IntelSWTools\openvino_2020.1.033\deployment_tools\open_model_zoo\demos\python_demos\human_pose_estimation_3d_demo\pose_extractor\src\human_pose.cpp">
      <Filter>Source Files</Filter>
    </ClCompile>
    <ClCompile Include="C:\Program Files (x86)\IntelSWTools\openvino_2020.1.033\deployment_tools\open_model_zoo\demos\python_demos\human_pose_estimation_3d_demo\pose_extractor\src\peak.cpp">
      <Filter>Source Files</Filter>
    </ClCompile>
  </ItemGroup>
  <ItemGroup>
    <ClInclude Include="C:\Program Files (x86)\IntelSWTools\openvino_2020.1.033\deployment_tools\open_model_zoo\demos\python_demos\human_pose_estimation_3d_demo\pose_extractor\src\extract_poses.hpp">
      <Filter>Header Files</Filter>
    </ClInclude>
    <ClInclude Include="C:\Program Files (x86)\IntelSWTools\openvino_2020.1.033\deployment_tools\open_model_zoo\demos\python_demos\human_pose_estimation_3d_demo\pose_extractor\src\human_pose.hpp">
      <Filter>Header Files</Filter>
    </ClInclude>
    <ClInclude Include="C:\Program Files (x86)\IntelSWTools\openvino_2020.1.033\deployment_tools\open_model_zoo\demos\python_demos\human_pose_estimation_3d_demo\pose_extractor\src\peak.hpp">
      <Filter>Header Files</Filter>
    </ClInclude>
  </ItemGroup>
  <ItemGroup>
    <CustomBuild Include="C:\Program Files (x86)\IntelSWTools\openvino_2020.1.033\deployment_tools\open_model_zoo\demos\python_demos\human_pose_estimation_3d_demo\pose_extractor\CMakeLists.txt" />
  </ItemGroup>
  <ItemGroup>
    <Filter Include="Header Files">
      <UniqueIdentifier>{D910F953-C1E3-3E08-814A-F56815889557}</UniqueIdentifier>
    </Filter>
    <Filter Include="Source Files">
      <UniqueIdentifier>{C8B58429-B24F-32D2-B7D5-2C661089CC6E}</UniqueIdentifier>
    </Filter>
  </ItemGroup>
</Project>
